{
  "version": 4,
  "terraform_version": "1.4.0",
  "serial": 86,
  "lineage": "ffe05ec1-2315-4cb1-44ef-7df90c7d708c",
  "outputs": {},
  "resources": [
    {
      "mode": "managed",
      "type": "aws_instance",
      "name": "wordpress",
      "provider": "provider[\"registry.terraform.io/hashicorp/aws\"]",
      "instances": [
        {
          "schema_version": 1,
          "attributes": {
            "ami": "ami-0557a15b87f6559cf",
            "arn": "arn:aws:ec2:us-east-1:289322616725:instance/i-0a6f8cd427f54b937",
            "associate_public_ip_address": true,
            "availability_zone": "us-east-1e",
            "capacity_reservation_specification": [
              {
                "capacity_reservation_preference": "open",
                "capacity_reservation_target": []
              }
            ],
            "cpu_core_count": 1,
            "cpu_threads_per_core": 1,
            "credit_specification": [
              {
                "cpu_credits": "standard"
              }
            ],
            "disable_api_stop": false,
            "disable_api_termination": false,
            "ebs_block_device": [],
            "ebs_optimized": false,
            "enclave_options": [
              {
                "enabled": false
              }
            ],
            "ephemeral_block_device": [],
            "get_password_data": false,
            "hibernation": false,
            "host_id": "",
            "host_resource_group_arn": null,
            "iam_instance_profile": "",
            "id": "i-0a6f8cd427f54b937",
            "instance_initiated_shutdown_behavior": "stop",
            "instance_state": "running",
            "instance_type": "t2.micro",
            "ipv6_address_count": 0,
            "ipv6_addresses": [],
            "key_name": "deployer-key",
            "launch_template": [],
            "maintenance_options": [
              {
                "auto_recovery": "default"
              }
            ],
            "metadata_options": [
              {
                "http_endpoint": "enabled",
                "http_put_response_hop_limit": 1,
                "http_tokens": "optional",
                "instance_metadata_tags": "disabled"
              }
            ],
            "monitoring": false,
            "network_interface": [],
            "outpost_arn": "",
            "password_data": "",
            "placement_group": "",
            "placement_partition_number": 0,
            "primary_network_interface_id": "eni-0ba03a40419a65aec",
            "private_dns": "ip-172-31-54-68.ec2.internal",
            "private_dns_name_options": [
              {
                "enable_resource_name_dns_a_record": false,
                "enable_resource_name_dns_aaaa_record": false,
                "hostname_type": "ip-name"
              }
            ],
            "private_ip": "172.31.54.68",
            "public_dns": "ec2-52-3-255-146.compute-1.amazonaws.com",
            "public_ip": "52.3.255.146",
            "root_block_device": [
              {
                "delete_on_termination": true,
                "device_name": "/dev/sda1",
                "encrypted": false,
                "iops": 100,
                "kms_key_id": "",
                "tags": {},
                "throughput": 0,
                "volume_id": "vol-0137abbc87185fb90",
                "volume_size": 8,
                "volume_type": "gp2"
              }
            ],
            "secondary_private_ips": [],
            "security_groups": [
              "ports for wordpress"
            ],
            "source_dest_check": true,
            "subnet_id": "subnet-0efcf28205e0bae07",
            "tags": {
              "Name": "WordPressTF"
            },
            "tags_all": {
              "Name": "WordPressTF"
            },
            "tenancy": "default",
            "timeouts": null,
            "user_data": "1d437f6a37a9ac7be72ae2513e6323abcb01f961",
            "user_data_base64": null,
            "user_data_replace_on_change": false,
            "volume_tags": null,
            "vpc_security_group_ids": [
              "sg-06071998fb3282f45"
            ]
          },
          "sensitive_attributes": [],
          "private": "eyJlMmJmYjczMC1lY2FhLTExZTYtOGY4OC0zNDM2M2JjN2M0YzAiOnsiY3JlYXRlIjo2MDAwMDAwMDAwMDAsImRlbGV0ZSI6MTIwMDAwMDAwMDAwMCwidXBkYXRlIjo2MDAwMDAwMDAwMDB9LCJzY2hlbWFfdmVyc2lvbiI6IjEifQ==",
          "dependencies": [
            "aws_key_pair.deployer",
            "aws_security_group.allow_tls"
          ]
        }
      ]
    },
    {
      "mode": "managed",
      "type": "aws_key_pair",
      "name": "deployer",
      "provider": "provider[\"registry.terraform.io/hashicorp/aws\"]",
      "instances": [
        {
          "schema_version": 1,
          "attributes": {
            "arn": "arn:aws:ec2:us-east-1:289322616725:key-pair/deployer-key",
            "fingerprint": "d1:e7:ff:0d:8f:f5:c1:6e:8e:63:cb:85:72:d1:ef:c8",
            "id": "deployer-key",
            "key_name": "deployer-key",
            "key_name_prefix": "",
            "key_pair_id": "key-0b13f9ada2e8efc73",
            "key_type": "rsa",
            "public_key": "ssh-rsa AAAAB3NzaC1yc2EAAAADAQABAAACAQCnQDHuiuPWUkYvjv/nS9jEQT50jMY/gyuSzDFQcw7TP/qRnGCtBL6kARy9qaRzYl555mpXvxPTEGv04PLIbjIYp4GNfpWHKyj9WU4AuyfUMj+gcpmqSwbfTnWCbD3dhvdiRggKbVfGeTzNUy1uPWH5nQzapib+z+vpI3WtuReES9OBlPs7f8bY4qqA9RFAFX4q75kQS4K/ZGxQiVY07/OyHqSHLztnzk13jDw6Fq5wbRjp6+A0qQbtJmk1AaFjbU7cSbA5sq8pCeerN6NX7KpuJ7TYqyi0oSwQIICFumn5JoePf2DTKTypmAo5/RPmhaF1L0RrKsDidmb0A+i6NZZaRS53BYHHCFrJ13ClayrINgN7vxSS/nsx+vyvzvcl31x9naUkrKeCa85WWc4nQIpUfSbg2DsCs2lU1qCTUm2xKLT6ZtYoAcDp+DMn2n03ztqWRVag5cNb4BpWuUn3mDM5kOb7y/LQrs+7qgEGD7QXVWGgA+H7ifGe2Awih9+gQeaNXDm6b7v6zn8qzxgrUTqpY/umrJ0mGQgez6u5VJWElijTKkpbDrJqBZsgztm0D7KSNbPl05ktcbPO43J1Ip/89SkMeEnAyFh+mJjf2Za8IjeEZuQ5e+ZK3kuWdVLvrffwD6I2gSflrHm0zQbmps9oq/LUY+wZVHnwhQhIw72D5w== pradipta_ghosh@epam.com",
            "tags": null,
            "tags_all": {}
          },
          "sensitive_attributes": [],
          "private": "eyJzY2hlbWFfdmVyc2lvbiI6IjEifQ=="
        }
      ]
    },
    {
      "mode": "managed",
      "type": "aws_security_group",
      "name": "allow_tls",
      "provider": "provider[\"registry.terraform.io/hashicorp/aws\"]",
      "instances": [
        {
          "schema_version": 1,
          "attributes": {
            "arn": "arn:aws:ec2:us-east-1:289322616725:security-group/sg-06071998fb3282f45",
            "description": "Allow HTTP and SSH",
            "egress": [
              {
                "cidr_blocks": [
                  "0.0.0.0/0"
                ],
                "description": "",
                "from_port": 0,
                "ipv6_cidr_blocks": [
                  "::/0"
                ],
                "prefix_list_ids": [],
                "protocol": "-1",
                "security_groups": [],
                "self": false,
                "to_port": 0
              }
            ],
            "id": "sg-06071998fb3282f45",
            "ingress": [
              {
                "cidr_blocks": [
                  "0.0.0.0/0"
                ],
                "description": "HTTP",
                "from_port": 80,
                "ipv6_cidr_blocks": [
                  "::/0"
                ],
                "prefix_list_ids": [],
                "protocol": "tcp",
                "security_groups": [],
                "self": false,
                "to_port": 80
              },
              {
                "cidr_blocks": [
                  "0.0.0.0/0"
                ],
                "description": "SSH",
                "from_port": 22,
                "ipv6_cidr_blocks": [
                  "::/0"
                ],
                "prefix_list_ids": [],
                "protocol": "tcp",
                "security_groups": [],
                "self": false,
                "to_port": 22
              }
            ],
            "name": "ports for wordpress",
            "name_prefix": "",
            "owner_id": "289322616725",
            "revoke_rules_on_delete": false,
            "tags": {
              "Name": "allow_tls"
            },
            "tags_all": {
              "Name": "allow_tls"
            },
            "timeouts": null,
            "vpc_id": "vpc-0cd730933cbb25687"
          },
          "sensitive_attributes": [],
          "private": "eyJlMmJmYjczMC1lY2FhLTExZTYtOGY4OC0zNDM2M2JjN2M0YzAiOnsiY3JlYXRlIjo2MDAwMDAwMDAwMDAsImRlbGV0ZSI6OTAwMDAwMDAwMDAwfSwic2NoZW1hX3ZlcnNpb24iOiIxIn0="
        }
      ]
    }
  ],
  "check_results": null
}
